
Microsoft Visual Studio Solution File, Format Version 12.00
# Visual Studio Version 17
VisualStudioVersion = 17.1.32421.90
MinimumVisualStudioVersion = 10.0.40219.1
Project("{FAE04EC0-301F-11D3-BF4B-00C04F79EFBC}") = "DukkanTek.API", "DukkanTek.API\DukkanTek.API.csproj", "{C1A12F63-06AC-498B-91AC-30E53FD9A218}"
EndProject
Project("{FAE04EC0-301F-11D3-BF4B-00C04F79EFBC}") = "DukkanTek.Services", "DukkanTek.Services\DukkanTek.Services.csproj", "{717DA8A9-40AA-41B4-BC8E-12F4F01CD775}"
EndProject
Project("{FAE04EC0-301F-11D3-BF4B-00C04F79EFBC}") = "DukkanTek.Repository", "DukkanTek.Repository\DukkanTek.Repository.csproj", "{FE152B6F-1811-44B1-AAC9-05F675DE2C70}"
EndProject
Project("{FAE04EC0-301F-11D3-BF4B-00C04F79EFBC}") = "DukkanTek.Common", "DukkanTek.Common\DukkanTek.Common.csproj", "{261340C3-E144-40D9-88C9-CE87973D1D26}"
EndProject
Project("{FAE04EC0-301F-11D3-BF4B-00C04F79EFBC}") = "DukkanTek.Tests", "DukkanTek.Tests\DukkanTek.Tests.csproj", "{2E0F51B9-5C6F-40E5-87BB-C525B2DC863F}"
EndProject
Global
	GlobalSection(SolutionConfigurationPlatforms) = preSolution
		Debug|Any CPU = Debug|Any CPU
		Release|Any CPU = Release|Any CPU
	EndGlobalSection
	GlobalSection(ProjectConfigurationPlatforms) = postSolution
		{C1A12F63-06AC-498B-91AC-30E53FD9A218}.Debug|Any CPU.ActiveCfg = Debug|Any CPU
		{C1A12F63-06AC-498B-91AC-30E53FD9A218}.Debug|Any CPU.Build.0 = Debug|Any CPU
		{C1A12F63-06AC-498B-91AC-30E53FD9A218}.Release|Any CPU.ActiveCfg = Release|Any CPU
		{C1A12F63-06AC-498B-91AC-30E53FD9A218}.Release|Any CPU.Build.0 = Release|Any CPU
		{717DA8A9-40AA-41B4-BC8E-12F4F01CD775}.Debug|Any CPU.ActiveCfg = Debug|Any CPU
		{717DA8A9-40AA-41B4-BC8E-12F4F01CD775}.Debug|Any CPU.Build.0 = Debug|Any CPU
		{717DA8A9-40AA-41B4-BC8E-12F4F01CD775}.Release|Any CPU.ActiveCfg = Release|Any CPU
		{717DA8A9-40AA-41B4-BC8E-12F4F01CD775}.Release|Any CPU.Build.0 = Release|Any CPU
		{FE152B6F-1811-44B1-AAC9-05F675DE2C70}.Debug|Any CPU.ActiveCfg = Debug|Any CPU
		{FE152B6F-1811-44B1-AAC9-05F675DE2C70}.Debug|Any CPU.Build.0 = Debug|Any CPU
		{FE152B6F-1811-44B1-AAC9-05F675DE2C70}.Release|Any CPU.ActiveCfg = Release|Any CPU
		{FE152B6F-1811-44B1-AAC9-05F675DE2C70}.Release|Any CPU.Build.0 = Release|Any CPU
		{261340C3-E144-40D9-88C9-CE87973D1D26}.Debug|Any CPU.ActiveCfg = Debug|Any CPU
		{261340C3-E144-40D9-88C9-CE87973D1D26}.Debug|Any CPU.Build.0 = Debug|Any CPU
		{261340C3-E144-40D9-88C9-CE87973D1D26}.Release|Any CPU.ActiveCfg = Release|Any CPU
		{261340C3-E144-40D9-88C9-CE87973D1D26}.Release|Any CPU.Build.0 = Release|Any CPU
		{2E0F51B9-5C6F-40E5-87BB-C525B2DC863F}.Debug|Any CPU.ActiveCfg = Debug|Any CPU
		{2E0F51B9-5C6F-40E5-87BB-C525B2DC863F}.Debug|Any CPU.Build.0 = Debug|Any CPU
		{2E0F51B9-5C6F-40E5-87BB-C525B2DC863F}.Release|Any CPU.ActiveCfg = Release|Any CPU
		{2E0F51B9-5C6F-40E5-87BB-C525B2DC863F}.Release|Any CPU.Build.0 = Release|Any CPU
	EndGlobalSection
	GlobalSection(SolutionProperties) = preSolution
		HideSolutionNode = FALSE
	EndGlobalSection
	GlobalSection(ExtensibilityGlobals) = postSolution
		SolutionGuid = {51A9FEFD-C5BF-4BE8-A6DD-AC2638C1E0CC}
	EndGlobalSection
EndGlobal
